
Microsoft Visual Studio Solution File, Format Version 12.00
# Visual Studio Version 16
VisualStudioVersion = 16.0.29123.88
MinimumVisualStudioVersion = 10.0.40219.1
Project("{FAE04EC0-301F-11D3-BF4B-00C04F79EFBC}") = "MyWeb", "MyWeb\MyWeb.csproj", "{4C302216-4DCE-455C-8261-83CD38F07F42}"
EndProject
Project("{FAE04EC0-301F-11D3-BF4B-00C04F79EFBC}") = "MyConApp", "MyConApp\MyConApp.csproj", "{EB38774F-BC2A-4FA8-8A04-797CE2B6CF34}"
EndProject
Global
	GlobalSection(SolutionConfigurationPlatforms) = preSolution
		Debug|Any CPU = Debug|Any CPU
		Release|Any CPU = Release|Any CPU
	EndGlobalSection
	GlobalSection(ProjectConfigurationPlatforms) = postSolution
		{4C302216-4DCE-455C-8261-83CD38F07F42}.Debug|Any CPU.ActiveCfg = Debug|Any CPU
		{4C302216-4DCE-455C-8261-83CD38F07F42}.Debug|Any CPU.Build.0 = Debug|Any CPU
		{4C302216-4DCE-455C-8261-83CD38F07F42}.Release|Any CPU.ActiveCfg = Release|Any CPU
		{4C302216-4DCE-455C-8261-83CD38F07F42}.Release|Any CPU.Build.0 = Release|Any CPU
		{EB38774F-BC2A-4FA8-8A04-797CE2B6CF34}.Debug|Any CPU.ActiveCfg = Debug|Any CPU
		{EB38774F-BC2A-4FA8-8A04-797CE2B6CF34}.Debug|Any CPU.Build.0 = Debug|Any CPU
		{EB38774F-BC2A-4FA8-8A04-797CE2B6CF34}.Release|Any CPU.ActiveCfg = Release|Any CPU
		{EB38774F-BC2A-4FA8-8A04-797CE2B6CF34}.Release|Any CPU.Build.0 = Release|Any CPU
	EndGlobalSection
	GlobalSection(SolutionProperties) = preSolution
		HideSolutionNode = FALSE
	EndGlobalSection
	GlobalSection(ExtensibilityGlobals) = postSolution
		SolutionGuid = {490DDFB3-1B17-40F0-A88B-666F5F32A994}
	EndGlobalSection
EndGlobal
